
Microsoft Visual Studio Solution File, Format Version 12.00
# Visual Studio Version 16
VisualStudioVersion = 16.0.30907.101
MinimumVisualStudioVersion = 10.0.40219.1
Project("{2150E333-8FDC-42A3-9474-1A3956D46DE8}") = "Practice", "Practice", "{A73BC427-52F3-4342-B99D-B220AD9B8D44}"
EndProject
Project("{2150E333-8FDC-42A3-9474-1A3956D46DE8}") = "ProblemSolving", "ProblemSolving", "{B7BA8C4B-A092-4020-96C7-20A7B8582E05}"
EndProject
Project("{2150E333-8FDC-42A3-9474-1A3956D46DE8}") = "00 - Basic", "00 - Basic", "{1763AC10-1D7F-4072-81AA-8F184E538DAD}"
EndProject
Project("{2150E333-8FDC-42A3-9474-1A3956D46DE8}") = "00 - Easy", "00 - Easy", "{755291E1-8AE6-488C-B5F2-1A0FB6DA2FD6}"
EndProject
Project("{9A19103F-16F7-4668-BE54-9A1E7A4F7556}") = "SolveMeFirst", "Practice\ProblemSolving\00-Basic\00-Easy\00-SolveMeFirst\SolveMeFirst\SolveMeFirst.csproj", "{F84443A4-FBCF-4367-ACA9-98E6E31819BF}"
EndProject
Project("{9A19103F-16F7-4668-BE54-9A1E7A4F7556}") = "SimpleArraySum", "Practice\ProblemSolving\00-Basic\00-Easy\01-SimpleArraySum\SimpleArraySum\SimpleArraySum.csproj", "{07B16B04-E178-43CB-B12B-B9CAC6320DEB}"
EndProject
Project("{2150E333-8FDC-42A3-9474-1A3956D46DE8}") = "00-SolveMeFirst", "00-SolveMeFirst", "{56591B4C-53EE-45B3-83F2-600619CB3E40}"
EndProject
Project("{2150E333-8FDC-42A3-9474-1A3956D46DE8}") = "01-SimpleArraySum", "01-SimpleArraySum", "{5B183225-4170-4247-B978-3FB23FAACBC6}"
EndProject
Project("{2150E333-8FDC-42A3-9474-1A3956D46DE8}") = "02-CompareTheTriplets", "02-CompareTheTriplets", "{86DC181D-3703-49F4-B83F-B5D2567D06B9}"
EndProject
Project("{9A19103F-16F7-4668-BE54-9A1E7A4F7556}") = "CompareTheTriplets", "Practice\ProblemSolving\00-Basic\00-Easy\02-CompareTheTriplets\CompareTheTriplets\CompareTheTriplets.csproj", "{94CF5F49-983D-4A80-81CB-04A7FB71C427}"
EndProject
Project("{2150E333-8FDC-42A3-9474-1A3956D46DE8}") = "03-VeryBigSum", "03-VeryBigSum", "{05463B33-DFBA-4BF2-AE4B-E8CECFC6BF53}"
EndProject
Project("{FAE04EC0-301F-11D3-BF4B-00C04F79EFBC}") = "VeryBigSum", "Practice\ProblemSolving\00-Basic\00-Easy\03-VeryBigSum\VeryBigSum\VeryBigSum.csproj", "{527322F5-7157-4183-90BD-4538CDFB9A37}"
EndProject
Project("{2150E333-8FDC-42A3-9474-1A3956D46DE8}") = "04-DiagonalDifference", "04-DiagonalDifference", "{5DA21CA1-CB0F-407C-A3D4-79B9E5432BD9}"
EndProject
Project("{FAE04EC0-301F-11D3-BF4B-00C04F79EFBC}") = "DiagonalDifference", "Practice\ProblemSolving\00-Basic\00-Easy\04-DiagonalDifference\DiagonalDifference\DiagonalDifference.csproj", "{25517558-93AB-4178-B5C0-81CC366DCC27}"
EndProject
Project("{2150E333-8FDC-42A3-9474-1A3956D46DE8}") = "05-PlusMinus", "05-PlusMinus", "{A594E48A-609E-40C9-9C6F-042B79E6CCF0}"
EndProject
Project("{FAE04EC0-301F-11D3-BF4B-00C04F79EFBC}") = "PlusMinus", "Practice\ProblemSolving\00-Basic\00-Easy\05-PlusMinus\PlusMinus\PlusMinus.csproj", "{BB8C21A0-260D-45CF-8696-399CE78C0D3E}"
EndProject
Project("{2150E333-8FDC-42A3-9474-1A3956D46DE8}") = "06-StairCase", "06-StairCase", "{707FE840-0D78-46CD-A910-BC285153880D}"
EndProject
Project("{FAE04EC0-301F-11D3-BF4B-00C04F79EFBC}") = "StairCase", "Practice\ProblemSolving\00-Basic\00-Easy\06-StairCase\StarCase\StairCase.csproj", "{2B25E859-BC52-4C7D-AE64-CF00FB519DB7}"
EndProject
Global
	GlobalSection(SolutionConfigurationPlatforms) = preSolution
		Debug|Any CPU = Debug|Any CPU
		Release|Any CPU = Release|Any CPU
	EndGlobalSection
	GlobalSection(ProjectConfigurationPlatforms) = postSolution
		{F84443A4-FBCF-4367-ACA9-98E6E31819BF}.Debug|Any CPU.ActiveCfg = Debug|Any CPU
		{F84443A4-FBCF-4367-ACA9-98E6E31819BF}.Debug|Any CPU.Build.0 = Debug|Any CPU
		{F84443A4-FBCF-4367-ACA9-98E6E31819BF}.Release|Any CPU.ActiveCfg = Release|Any CPU
		{F84443A4-FBCF-4367-ACA9-98E6E31819BF}.Release|Any CPU.Build.0 = Release|Any CPU
		{07B16B04-E178-43CB-B12B-B9CAC6320DEB}.Debug|Any CPU.ActiveCfg = Debug|Any CPU
		{07B16B04-E178-43CB-B12B-B9CAC6320DEB}.Debug|Any CPU.Build.0 = Debug|Any CPU
		{07B16B04-E178-43CB-B12B-B9CAC6320DEB}.Release|Any CPU.ActiveCfg = Release|Any CPU
		{07B16B04-E178-43CB-B12B-B9CAC6320DEB}.Release|Any CPU.Build.0 = Release|Any CPU
		{94CF5F49-983D-4A80-81CB-04A7FB71C427}.Debug|Any CPU.ActiveCfg = Debug|Any CPU
		{94CF5F49-983D-4A80-81CB-04A7FB71C427}.Debug|Any CPU.Build.0 = Debug|Any CPU
		{94CF5F49-983D-4A80-81CB-04A7FB71C427}.Release|Any CPU.ActiveCfg = Release|Any CPU
		{94CF5F49-983D-4A80-81CB-04A7FB71C427}.Release|Any CPU.Build.0 = Release|Any CPU
		{527322F5-7157-4183-90BD-4538CDFB9A37}.Debug|Any CPU.ActiveCfg = Debug|Any CPU
		{527322F5-7157-4183-90BD-4538CDFB9A37}.Debug|Any CPU.Build.0 = Debug|Any CPU
		{527322F5-7157-4183-90BD-4538CDFB9A37}.Release|Any CPU.ActiveCfg = Release|Any CPU
		{527322F5-7157-4183-90BD-4538CDFB9A37}.Release|Any CPU.Build.0 = Release|Any CPU
		{25517558-93AB-4178-B5C0-81CC366DCC27}.Debug|Any CPU.ActiveCfg = Debug|Any CPU
		{25517558-93AB-4178-B5C0-81CC366DCC27}.Debug|Any CPU.Build.0 = Debug|Any CPU
		{25517558-93AB-4178-B5C0-81CC366DCC27}.Release|Any CPU.ActiveCfg = Release|Any CPU
		{25517558-93AB-4178-B5C0-81CC366DCC27}.Release|Any CPU.Build.0 = Release|Any CPU
		{BB8C21A0-260D-45CF-8696-399CE78C0D3E}.Debug|Any CPU.ActiveCfg = Debug|Any CPU
		{BB8C21A0-260D-45CF-8696-399CE78C0D3E}.Debug|Any CPU.Build.0 = Debug|Any CPU
		{BB8C21A0-260D-45CF-8696-399CE78C0D3E}.Release|Any CPU.ActiveCfg = Release|Any CPU
		{BB8C21A0-260D-45CF-8696-399CE78C0D3E}.Release|Any CPU.Build.0 = Release|Any CPU
		{2B25E859-BC52-4C7D-AE64-CF00FB519DB7}.Debug|Any CPU.ActiveCfg = Debug|Any CPU
		{2B25E859-BC52-4C7D-AE64-CF00FB519DB7}.Debug|Any CPU.Build.0 = Debug|Any CPU
		{2B25E859-BC52-4C7D-AE64-CF00FB519DB7}.Release|Any CPU.ActiveCfg = Release|Any CPU
		{2B25E859-BC52-4C7D-AE64-CF00FB519DB7}.Release|Any CPU.Build.0 = Release|Any CPU
	EndGlobalSection
	GlobalSection(SolutionProperties) = preSolution
		HideSolutionNode = FALSE
	EndGlobalSection
	GlobalSection(NestedProjects) = preSolution
		{B7BA8C4B-A092-4020-96C7-20A7B8582E05} = {A73BC427-52F3-4342-B99D-B220AD9B8D44}
		{1763AC10-1D7F-4072-81AA-8F184E538DAD} = {B7BA8C4B-A092-4020-96C7-20A7B8582E05}
		{755291E1-8AE6-488C-B5F2-1A0FB6DA2FD6} = {1763AC10-1D7F-4072-81AA-8F184E538DAD}
		{F84443A4-FBCF-4367-ACA9-98E6E31819BF} = {56591B4C-53EE-45B3-83F2-600619CB3E40}
		{07B16B04-E178-43CB-B12B-B9CAC6320DEB} = {5B183225-4170-4247-B978-3FB23FAACBC6}
		{56591B4C-53EE-45B3-83F2-600619CB3E40} = {755291E1-8AE6-488C-B5F2-1A0FB6DA2FD6}
		{5B183225-4170-4247-B978-3FB23FAACBC6} = {755291E1-8AE6-488C-B5F2-1A0FB6DA2FD6}
		{86DC181D-3703-49F4-B83F-B5D2567D06B9} = {755291E1-8AE6-488C-B5F2-1A0FB6DA2FD6}
		{94CF5F49-983D-4A80-81CB-04A7FB71C427} = {86DC181D-3703-49F4-B83F-B5D2567D06B9}
		{05463B33-DFBA-4BF2-AE4B-E8CECFC6BF53} = {755291E1-8AE6-488C-B5F2-1A0FB6DA2FD6}
		{527322F5-7157-4183-90BD-4538CDFB9A37} = {05463B33-DFBA-4BF2-AE4B-E8CECFC6BF53}
		{5DA21CA1-CB0F-407C-A3D4-79B9E5432BD9} = {755291E1-8AE6-488C-B5F2-1A0FB6DA2FD6}
		{25517558-93AB-4178-B5C0-81CC366DCC27} = {5DA21CA1-CB0F-407C-A3D4-79B9E5432BD9}
		{A594E48A-609E-40C9-9C6F-042B79E6CCF0} = {755291E1-8AE6-488C-B5F2-1A0FB6DA2FD6}
		{BB8C21A0-260D-45CF-8696-399CE78C0D3E} = {A594E48A-609E-40C9-9C6F-042B79E6CCF0}
		{707FE840-0D78-46CD-A910-BC285153880D} = {755291E1-8AE6-488C-B5F2-1A0FB6DA2FD6}
		{2B25E859-BC52-4C7D-AE64-CF00FB519DB7} = {707FE840-0D78-46CD-A910-BC285153880D}
	EndGlobalSection
	GlobalSection(ExtensibilityGlobals) = postSolution
		SolutionGuid = {91334656-21F3-4A58-97D0-76C83BCB7BE2}
	EndGlobalSection
EndGlobal
