
Microsoft Visual Studio Solution File, Format Version 12.00
# Visual Studio Version 16
VisualStudioVersion = 16.0.30907.101
MinimumVisualStudioVersion = 10.0.40219.1
Project("{2150E333-8FDC-42A3-9474-1A3956D46DE8}") = "Practice", "Practice", "{A73BC427-52F3-4342-B99D-B220AD9B8D44}"
EndProject
Project("{2150E333-8FDC-42A3-9474-1A3956D46DE8}") = "ProblemSolving", "ProblemSolving", "{B7BA8C4B-A092-4020-96C7-20A7B8582E05}"
EndProject
Project("{2150E333-8FDC-42A3-9474-1A3956D46DE8}") = "00 - Basic", "00 - Basic", "{1763AC10-1D7F-4072-81AA-8F184E538DAD}"
EndProject
Project("{2150E333-8FDC-42A3-9474-1A3956D46DE8}") = "00 - Easy", "00 - Easy", "{755291E1-8AE6-488C-B5F2-1A0FB6DA2FD6}"
EndProject
Project("{9A19103F-16F7-4668-BE54-9A1E7A4F7556}") = "SolveMeFirst", "Practice\ProblemSolving\00-Basic\00-Easy\00-SolveMeFirst\SolveMeFirst\SolveMeFirst.csproj", "{F84443A4-FBCF-4367-ACA9-98E6E31819BF}"
EndProject
Project("{9A19103F-16F7-4668-BE54-9A1E7A4F7556}") = "SimpleArraySum", "Practice\ProblemSolving\00-Basic\00-Easy\01-SimpleArraySum\SimpleArraySum\SimpleArraySum.csproj", "{07B16B04-E178-43CB-B12B-B9CAC6320DEB}"
EndProject
Project("{2150E333-8FDC-42A3-9474-1A3956D46DE8}") = "00-SolveMeFirst", "00-SolveMeFirst", "{56591B4C-53EE-45B3-83F2-600619CB3E40}"
EndProject
Project("{2150E333-8FDC-42A3-9474-1A3956D46DE8}") = "01-SimpleArraySum", "01-SimpleArraySum", "{5B183225-4170-4247-B978-3FB23FAACBC6}"
EndProject
Project("{2150E333-8FDC-42A3-9474-1A3956D46DE8}") = "02-CompareTheTriplets", "02-CompareTheTriplets", "{86DC181D-3703-49F4-B83F-B5D2567D06B9}"
EndProject
Project("{9A19103F-16F7-4668-BE54-9A1E7A4F7556}") = "CompareTheTriplets", "Practice\ProblemSolving\00-Basic\00-Easy\02-CompareTheTriplets\CompareTheTriplets\CompareTheTriplets.csproj", "{94CF5F49-983D-4A80-81CB-04A7FB71C427}"
EndProject
Project("{2150E333-8FDC-42A3-9474-1A3956D46DE8}") = "03-VeryBigSum", "03-VeryBigSum", "{05463B33-DFBA-4BF2-AE4B-E8CECFC6BF53}"
EndProject
Project("{9A19103F-16F7-4668-BE54-9A1E7A4F7556}") = "VeryBigSum", "Practice\ProblemSolving\00-Basic\00-Easy\03-VeryBigSum\VeryBigSum\VeryBigSum.csproj", "{527322F5-7157-4183-90BD-4538CDFB9A37}"
EndProject
Project("{2150E333-8FDC-42A3-9474-1A3956D46DE8}") = "04-DiagonalDifference", "04-DiagonalDifference", "{5DA21CA1-CB0F-407C-A3D4-79B9E5432BD9}"
EndProject
Project("{9A19103F-16F7-4668-BE54-9A1E7A4F7556}") = "DiagonalDifference", "Practice\ProblemSolving\00-Basic\00-Easy\04-DiagonalDifference\DiagonalDifference\DiagonalDifference.csproj", "{25517558-93AB-4178-B5C0-81CC366DCC27}"
EndProject
Project("{2150E333-8FDC-42A3-9474-1A3956D46DE8}") = "05-PlusMinus", "05-PlusMinus", "{A594E48A-609E-40C9-9C6F-042B79E6CCF0}"
EndProject
Project("{9A19103F-16F7-4668-BE54-9A1E7A4F7556}") = "PlusMinus", "Practice\ProblemSolving\00-Basic\00-Easy\05-PlusMinus\PlusMinus\PlusMinus.csproj", "{BB8C21A0-260D-45CF-8696-399CE78C0D3E}"
EndProject
Project("{2150E333-8FDC-42A3-9474-1A3956D46DE8}") = "06-StairCase", "06-StairCase", "{707FE840-0D78-46CD-A910-BC285153880D}"
EndProject
Project("{9A19103F-16F7-4668-BE54-9A1E7A4F7556}") = "StairCase", "Practice\ProblemSolving\00-Basic\00-Easy\06-StairCase\StarCase\StairCase.csproj", "{2B25E859-BC52-4C7D-AE64-CF00FB519DB7}"
EndProject
Project("{2150E333-8FDC-42A3-9474-1A3956D46DE8}") = "07-MiniMaxSum", "07-MiniMaxSum", "{09C57CA1-EDCD-44CA-803B-941A040FE65B}"
EndProject
Project("{9A19103F-16F7-4668-BE54-9A1E7A4F7556}") = "MiniMaxSum", "Practice\ProblemSolving\00-Basic\00-Easy\07-MiniMaxSum\MiniMaxSum\MiniMaxSum.csproj", "{E50CD44D-6AC6-4F83-A6C3-A8CD381A1F53}"
EndProject
Project("{2150E333-8FDC-42A3-9474-1A3956D46DE8}") = "08-BirthdayCakeCandles", "08-BirthdayCakeCandles", "{0EF16C38-2873-4164-BA9A-0622FB529831}"
EndProject
Project("{9A19103F-16F7-4668-BE54-9A1E7A4F7556}") = "BirthdayCakeCandles", "Practice\ProblemSolving\00-Basic\00-Easy\08-BirthdayCakeCandles\BirthdayCakeCandles\BirthdayCakeCandles.csproj", "{6D83FFBE-90E5-44CB-AD24-22275598C5FB}"
EndProject
Project("{2150E333-8FDC-42A3-9474-1A3956D46DE8}") = "09-TimeConversion", "09-TimeConversion", "{C2AAAE0F-E860-4E45-9FA9-0E4C8D9EBE79}"
EndProject
Project("{FAE04EC0-301F-11D3-BF4B-00C04F79EFBC}") = "TimeConversion", "Practice\ProblemSolving\00-Basic\00-Easy\09-TimeConversion\TimeConversion\TimeConversion.csproj", "{F6C19DF5-4A20-4F45-866F-FAF6508B8CC2}"
EndProject
Project("{2150E333-8FDC-42A3-9474-1A3956D46DE8}") = "10-GradingStudents", "10-GradingStudents", "{6F34D740-A8CA-4B5E-974E-99E6B6BA8E78}"
EndProject
Project("{FAE04EC0-301F-11D3-BF4B-00C04F79EFBC}") = "GradingStudents", "Practice\ProblemSolving\00-Basic\00-Easy\10-GradingStudents\GradingStudents\GradingStudents.csproj", "{5AE168A3-A395-4212-B779-2A1A36A4B8D1}"
EndProject
Project("{2150E333-8FDC-42A3-9474-1A3956D46DE8}") = "11-AppleAndOrange", "11-AppleAndOrange", "{B89B1EE7-20BA-48A9-9ED5-9E1F9CA97634}"
EndProject
Project("{FAE04EC0-301F-11D3-BF4B-00C04F79EFBC}") = "AppleAndOrange", "Practice\ProblemSolving\00-Basic\00-Easy\11-AppleAndOrange\AppleAndOrange\AppleAndOrange.csproj", "{4002D573-AEFD-4B11-A5AF-8230E892D380}"
EndProject
Project("{2150E333-8FDC-42A3-9474-1A3956D46DE8}") = "12-NumberLineJumps", "12-NumberLineJumps", "{98DB67D1-105B-4552-87D9-05FCF63557A0}"
EndProject
Project("{FAE04EC0-301F-11D3-BF4B-00C04F79EFBC}") = "NumberLineJumps", "Practice\ProblemSolving\00-Basic\00-Easy\12-NumberLineJumps\NumberLineJumps\NumberLineJumps.csproj", "{B81A0C1A-0185-4C9A-90CC-BBBBB6BFC7D6}"
EndProject
Project("{2150E333-8FDC-42A3-9474-1A3956D46DE8}") = "13-BreakingTheRecords", "13-BreakingTheRecords", "{0C1CC986-0E3E-4A3A-820A-18DC0A7843A5}"
EndProject
Project("{FAE04EC0-301F-11D3-BF4B-00C04F79EFBC}") = "BreakingTheRecords", "Practice\ProblemSolving\00-Basic\00-Easy\13-BreakingTheRecords\BreakingTheRecords\BreakingTheRecords.csproj", "{1C8C239C-193A-4CFA-B7A2-7743CD41536A}"
EndProject
Project("{2150E333-8FDC-42A3-9474-1A3956D46DE8}") = "14-TheBirthdayBar", "14-TheBirthdayBar", "{82730B69-3FF2-40E0-B7B4-A284CC317809}"
EndProject
Project("{FAE04EC0-301F-11D3-BF4B-00C04F79EFBC}") = "TheBirthdayBar", "Practice\ProblemSolving\00-Basic\00-Easy\14-TheBirthdayBar\TheBirthdayBar\TheBirthdayBar.csproj", "{28DACBDD-77B5-478B-980B-AB02404F0E98}"
EndProject
Project("{2150E333-8FDC-42A3-9474-1A3956D46DE8}") = "15-DivisibleSumPairs", "15-DivisibleSumPairs", "{2A1D0969-2314-49A0-8E7D-481F21BDE09F}"
EndProject
Project("{FAE04EC0-301F-11D3-BF4B-00C04F79EFBC}") = "DivisibleSumPairs", "Practice\ProblemSolving\00-Basic\00-Easy\15-DivisibleSumPairs\DivisibleSumPairs\DivisibleSumPairs.csproj", "{DDC535A1-DC23-49E0-A7A0-0B3C20B094E0}"
EndProject
Global
	GlobalSection(SolutionConfigurationPlatforms) = preSolution
		Debug|Any CPU = Debug|Any CPU
		Release|Any CPU = Release|Any CPU
	EndGlobalSection
	GlobalSection(ProjectConfigurationPlatforms) = postSolution
		{F84443A4-FBCF-4367-ACA9-98E6E31819BF}.Debug|Any CPU.ActiveCfg = Debug|Any CPU
		{F84443A4-FBCF-4367-ACA9-98E6E31819BF}.Debug|Any CPU.Build.0 = Debug|Any CPU
		{F84443A4-FBCF-4367-ACA9-98E6E31819BF}.Release|Any CPU.ActiveCfg = Release|Any CPU
		{F84443A4-FBCF-4367-ACA9-98E6E31819BF}.Release|Any CPU.Build.0 = Release|Any CPU
		{07B16B04-E178-43CB-B12B-B9CAC6320DEB}.Debug|Any CPU.ActiveCfg = Debug|Any CPU
		{07B16B04-E178-43CB-B12B-B9CAC6320DEB}.Debug|Any CPU.Build.0 = Debug|Any CPU
		{07B16B04-E178-43CB-B12B-B9CAC6320DEB}.Release|Any CPU.ActiveCfg = Release|Any CPU
		{07B16B04-E178-43CB-B12B-B9CAC6320DEB}.Release|Any CPU.Build.0 = Release|Any CPU
		{94CF5F49-983D-4A80-81CB-04A7FB71C427}.Debug|Any CPU.ActiveCfg = Debug|Any CPU
		{94CF5F49-983D-4A80-81CB-04A7FB71C427}.Debug|Any CPU.Build.0 = Debug|Any CPU
		{94CF5F49-983D-4A80-81CB-04A7FB71C427}.Release|Any CPU.ActiveCfg = Release|Any CPU
		{94CF5F49-983D-4A80-81CB-04A7FB71C427}.Release|Any CPU.Build.0 = Release|Any CPU
		{527322F5-7157-4183-90BD-4538CDFB9A37}.Debug|Any CPU.ActiveCfg = Debug|Any CPU
		{527322F5-7157-4183-90BD-4538CDFB9A37}.Debug|Any CPU.Build.0 = Debug|Any CPU
		{527322F5-7157-4183-90BD-4538CDFB9A37}.Release|Any CPU.ActiveCfg = Release|Any CPU
		{527322F5-7157-4183-90BD-4538CDFB9A37}.Release|Any CPU.Build.0 = Release|Any CPU
		{25517558-93AB-4178-B5C0-81CC366DCC27}.Debug|Any CPU.ActiveCfg = Debug|Any CPU
		{25517558-93AB-4178-B5C0-81CC366DCC27}.Debug|Any CPU.Build.0 = Debug|Any CPU
		{25517558-93AB-4178-B5C0-81CC366DCC27}.Release|Any CPU.ActiveCfg = Release|Any CPU
		{25517558-93AB-4178-B5C0-81CC366DCC27}.Release|Any CPU.Build.0 = Release|Any CPU
		{BB8C21A0-260D-45CF-8696-399CE78C0D3E}.Debug|Any CPU.ActiveCfg = Debug|Any CPU
		{BB8C21A0-260D-45CF-8696-399CE78C0D3E}.Debug|Any CPU.Build.0 = Debug|Any CPU
		{BB8C21A0-260D-45CF-8696-399CE78C0D3E}.Release|Any CPU.ActiveCfg = Release|Any CPU
		{BB8C21A0-260D-45CF-8696-399CE78C0D3E}.Release|Any CPU.Build.0 = Release|Any CPU
		{2B25E859-BC52-4C7D-AE64-CF00FB519DB7}.Debug|Any CPU.ActiveCfg = Debug|Any CPU
		{2B25E859-BC52-4C7D-AE64-CF00FB519DB7}.Debug|Any CPU.Build.0 = Debug|Any CPU
		{2B25E859-BC52-4C7D-AE64-CF00FB519DB7}.Release|Any CPU.ActiveCfg = Release|Any CPU
		{2B25E859-BC52-4C7D-AE64-CF00FB519DB7}.Release|Any CPU.Build.0 = Release|Any CPU
		{E50CD44D-6AC6-4F83-A6C3-A8CD381A1F53}.Debug|Any CPU.ActiveCfg = Debug|Any CPU
		{E50CD44D-6AC6-4F83-A6C3-A8CD381A1F53}.Debug|Any CPU.Build.0 = Debug|Any CPU
		{E50CD44D-6AC6-4F83-A6C3-A8CD381A1F53}.Release|Any CPU.ActiveCfg = Release|Any CPU
		{E50CD44D-6AC6-4F83-A6C3-A8CD381A1F53}.Release|Any CPU.Build.0 = Release|Any CPU
		{6D83FFBE-90E5-44CB-AD24-22275598C5FB}.Debug|Any CPU.ActiveCfg = Debug|Any CPU
		{6D83FFBE-90E5-44CB-AD24-22275598C5FB}.Debug|Any CPU.Build.0 = Debug|Any CPU
		{6D83FFBE-90E5-44CB-AD24-22275598C5FB}.Release|Any CPU.ActiveCfg = Release|Any CPU
		{6D83FFBE-90E5-44CB-AD24-22275598C5FB}.Release|Any CPU.Build.0 = Release|Any CPU
		{F6C19DF5-4A20-4F45-866F-FAF6508B8CC2}.Debug|Any CPU.ActiveCfg = Debug|Any CPU
		{F6C19DF5-4A20-4F45-866F-FAF6508B8CC2}.Debug|Any CPU.Build.0 = Debug|Any CPU
		{F6C19DF5-4A20-4F45-866F-FAF6508B8CC2}.Release|Any CPU.ActiveCfg = Release|Any CPU
		{F6C19DF5-4A20-4F45-866F-FAF6508B8CC2}.Release|Any CPU.Build.0 = Release|Any CPU
		{5AE168A3-A395-4212-B779-2A1A36A4B8D1}.Debug|Any CPU.ActiveCfg = Debug|Any CPU
		{5AE168A3-A395-4212-B779-2A1A36A4B8D1}.Debug|Any CPU.Build.0 = Debug|Any CPU
		{5AE168A3-A395-4212-B779-2A1A36A4B8D1}.Release|Any CPU.ActiveCfg = Release|Any CPU
		{5AE168A3-A395-4212-B779-2A1A36A4B8D1}.Release|Any CPU.Build.0 = Release|Any CPU
		{4002D573-AEFD-4B11-A5AF-8230E892D380}.Debug|Any CPU.ActiveCfg = Debug|Any CPU
		{4002D573-AEFD-4B11-A5AF-8230E892D380}.Debug|Any CPU.Build.0 = Debug|Any CPU
		{4002D573-AEFD-4B11-A5AF-8230E892D380}.Release|Any CPU.ActiveCfg = Release|Any CPU
		{4002D573-AEFD-4B11-A5AF-8230E892D380}.Release|Any CPU.Build.0 = Release|Any CPU
		{B81A0C1A-0185-4C9A-90CC-BBBBB6BFC7D6}.Debug|Any CPU.ActiveCfg = Debug|Any CPU
		{B81A0C1A-0185-4C9A-90CC-BBBBB6BFC7D6}.Debug|Any CPU.Build.0 = Debug|Any CPU
		{B81A0C1A-0185-4C9A-90CC-BBBBB6BFC7D6}.Release|Any CPU.ActiveCfg = Release|Any CPU
		{B81A0C1A-0185-4C9A-90CC-BBBBB6BFC7D6}.Release|Any CPU.Build.0 = Release|Any CPU
		{1C8C239C-193A-4CFA-B7A2-7743CD41536A}.Debug|Any CPU.ActiveCfg = Debug|Any CPU
		{1C8C239C-193A-4CFA-B7A2-7743CD41536A}.Debug|Any CPU.Build.0 = Debug|Any CPU
		{1C8C239C-193A-4CFA-B7A2-7743CD41536A}.Release|Any CPU.ActiveCfg = Release|Any CPU
		{1C8C239C-193A-4CFA-B7A2-7743CD41536A}.Release|Any CPU.Build.0 = Release|Any CPU
		{28DACBDD-77B5-478B-980B-AB02404F0E98}.Debug|Any CPU.ActiveCfg = Debug|Any CPU
		{28DACBDD-77B5-478B-980B-AB02404F0E98}.Debug|Any CPU.Build.0 = Debug|Any CPU
		{28DACBDD-77B5-478B-980B-AB02404F0E98}.Release|Any CPU.ActiveCfg = Release|Any CPU
		{28DACBDD-77B5-478B-980B-AB02404F0E98}.Release|Any CPU.Build.0 = Release|Any CPU
		{DDC535A1-DC23-49E0-A7A0-0B3C20B094E0}.Debug|Any CPU.ActiveCfg = Debug|Any CPU
		{DDC535A1-DC23-49E0-A7A0-0B3C20B094E0}.Debug|Any CPU.Build.0 = Debug|Any CPU
		{DDC535A1-DC23-49E0-A7A0-0B3C20B094E0}.Release|Any CPU.ActiveCfg = Release|Any CPU
		{DDC535A1-DC23-49E0-A7A0-0B3C20B094E0}.Release|Any CPU.Build.0 = Release|Any CPU
	EndGlobalSection
	GlobalSection(SolutionProperties) = preSolution
		HideSolutionNode = FALSE
	EndGlobalSection
	GlobalSection(NestedProjects) = preSolution
		{B7BA8C4B-A092-4020-96C7-20A7B8582E05} = {A73BC427-52F3-4342-B99D-B220AD9B8D44}
		{1763AC10-1D7F-4072-81AA-8F184E538DAD} = {B7BA8C4B-A092-4020-96C7-20A7B8582E05}
		{755291E1-8AE6-488C-B5F2-1A0FB6DA2FD6} = {1763AC10-1D7F-4072-81AA-8F184E538DAD}
		{F84443A4-FBCF-4367-ACA9-98E6E31819BF} = {56591B4C-53EE-45B3-83F2-600619CB3E40}
		{07B16B04-E178-43CB-B12B-B9CAC6320DEB} = {5B183225-4170-4247-B978-3FB23FAACBC6}
		{56591B4C-53EE-45B3-83F2-600619CB3E40} = {755291E1-8AE6-488C-B5F2-1A0FB6DA2FD6}
		{5B183225-4170-4247-B978-3FB23FAACBC6} = {755291E1-8AE6-488C-B5F2-1A0FB6DA2FD6}
		{86DC181D-3703-49F4-B83F-B5D2567D06B9} = {755291E1-8AE6-488C-B5F2-1A0FB6DA2FD6}
		{94CF5F49-983D-4A80-81CB-04A7FB71C427} = {86DC181D-3703-49F4-B83F-B5D2567D06B9}
		{05463B33-DFBA-4BF2-AE4B-E8CECFC6BF53} = {755291E1-8AE6-488C-B5F2-1A0FB6DA2FD6}
		{527322F5-7157-4183-90BD-4538CDFB9A37} = {05463B33-DFBA-4BF2-AE4B-E8CECFC6BF53}
		{5DA21CA1-CB0F-407C-A3D4-79B9E5432BD9} = {755291E1-8AE6-488C-B5F2-1A0FB6DA2FD6}
		{25517558-93AB-4178-B5C0-81CC366DCC27} = {5DA21CA1-CB0F-407C-A3D4-79B9E5432BD9}
		{A594E48A-609E-40C9-9C6F-042B79E6CCF0} = {755291E1-8AE6-488C-B5F2-1A0FB6DA2FD6}
		{BB8C21A0-260D-45CF-8696-399CE78C0D3E} = {A594E48A-609E-40C9-9C6F-042B79E6CCF0}
		{707FE840-0D78-46CD-A910-BC285153880D} = {755291E1-8AE6-488C-B5F2-1A0FB6DA2FD6}
		{2B25E859-BC52-4C7D-AE64-CF00FB519DB7} = {707FE840-0D78-46CD-A910-BC285153880D}
		{09C57CA1-EDCD-44CA-803B-941A040FE65B} = {755291E1-8AE6-488C-B5F2-1A0FB6DA2FD6}
		{E50CD44D-6AC6-4F83-A6C3-A8CD381A1F53} = {09C57CA1-EDCD-44CA-803B-941A040FE65B}
		{0EF16C38-2873-4164-BA9A-0622FB529831} = {755291E1-8AE6-488C-B5F2-1A0FB6DA2FD6}
		{6D83FFBE-90E5-44CB-AD24-22275598C5FB} = {0EF16C38-2873-4164-BA9A-0622FB529831}
		{C2AAAE0F-E860-4E45-9FA9-0E4C8D9EBE79} = {755291E1-8AE6-488C-B5F2-1A0FB6DA2FD6}
		{F6C19DF5-4A20-4F45-866F-FAF6508B8CC2} = {C2AAAE0F-E860-4E45-9FA9-0E4C8D9EBE79}
		{6F34D740-A8CA-4B5E-974E-99E6B6BA8E78} = {755291E1-8AE6-488C-B5F2-1A0FB6DA2FD6}
		{5AE168A3-A395-4212-B779-2A1A36A4B8D1} = {6F34D740-A8CA-4B5E-974E-99E6B6BA8E78}
		{B89B1EE7-20BA-48A9-9ED5-9E1F9CA97634} = {755291E1-8AE6-488C-B5F2-1A0FB6DA2FD6}
		{4002D573-AEFD-4B11-A5AF-8230E892D380} = {B89B1EE7-20BA-48A9-9ED5-9E1F9CA97634}
		{98DB67D1-105B-4552-87D9-05FCF63557A0} = {755291E1-8AE6-488C-B5F2-1A0FB6DA2FD6}
		{B81A0C1A-0185-4C9A-90CC-BBBBB6BFC7D6} = {98DB67D1-105B-4552-87D9-05FCF63557A0}
		{0C1CC986-0E3E-4A3A-820A-18DC0A7843A5} = {755291E1-8AE6-488C-B5F2-1A0FB6DA2FD6}
		{1C8C239C-193A-4CFA-B7A2-7743CD41536A} = {0C1CC986-0E3E-4A3A-820A-18DC0A7843A5}
		{82730B69-3FF2-40E0-B7B4-A284CC317809} = {755291E1-8AE6-488C-B5F2-1A0FB6DA2FD6}
		{28DACBDD-77B5-478B-980B-AB02404F0E98} = {82730B69-3FF2-40E0-B7B4-A284CC317809}
		{2A1D0969-2314-49A0-8E7D-481F21BDE09F} = {755291E1-8AE6-488C-B5F2-1A0FB6DA2FD6}
		{DDC535A1-DC23-49E0-A7A0-0B3C20B094E0} = {2A1D0969-2314-49A0-8E7D-481F21BDE09F}
	EndGlobalSection
	GlobalSection(ExtensibilityGlobals) = postSolution
		SolutionGuid = {91334656-21F3-4A58-97D0-76C83BCB7BE2}
	EndGlobalSection
EndGlobal
