
Microsoft Visual Studio Solution File, Format Version 12.00
# Visual Studio Version 16
VisualStudioVersion = 16.0.30907.101
MinimumVisualStudioVersion = 10.0.40219.1
Project("{2150E333-8FDC-42A3-9474-1A3956D46DE8}") = "Practice", "Practice", "{A73BC427-52F3-4342-B99D-B220AD9B8D44}"
EndProject
Project("{2150E333-8FDC-42A3-9474-1A3956D46DE8}") = "ProblemSolving", "ProblemSolving", "{B7BA8C4B-A092-4020-96C7-20A7B8582E05}"
EndProject
Project("{2150E333-8FDC-42A3-9474-1A3956D46DE8}") = "00 - Basic", "00 - Basic", "{1763AC10-1D7F-4072-81AA-8F184E538DAD}"
EndProject
Project("{2150E333-8FDC-42A3-9474-1A3956D46DE8}") = "00 - Easy", "00 - Easy", "{755291E1-8AE6-488C-B5F2-1A0FB6DA2FD6}"
EndProject
Project("{FAE04EC0-301F-11D3-BF4B-00C04F79EFBC}") = "SolveMeFirst", "Practice\ProblemSolving\00-Basic\00-Easy\00-SolveMeFirst\SolveMeFirst\SolveMeFirst.csproj", "{F84443A4-FBCF-4367-ACA9-98E6E31819BF}"
EndProject
Global
	GlobalSection(SolutionConfigurationPlatforms) = preSolution
		Debug|Any CPU = Debug|Any CPU
		Release|Any CPU = Release|Any CPU
	EndGlobalSection
	GlobalSection(ProjectConfigurationPlatforms) = postSolution
		{F84443A4-FBCF-4367-ACA9-98E6E31819BF}.Debug|Any CPU.ActiveCfg = Debug|Any CPU
		{F84443A4-FBCF-4367-ACA9-98E6E31819BF}.Debug|Any CPU.Build.0 = Debug|Any CPU
		{F84443A4-FBCF-4367-ACA9-98E6E31819BF}.Release|Any CPU.ActiveCfg = Release|Any CPU
		{F84443A4-FBCF-4367-ACA9-98E6E31819BF}.Release|Any CPU.Build.0 = Release|Any CPU
	EndGlobalSection
	GlobalSection(SolutionProperties) = preSolution
		HideSolutionNode = FALSE
	EndGlobalSection
	GlobalSection(NestedProjects) = preSolution
		{B7BA8C4B-A092-4020-96C7-20A7B8582E05} = {A73BC427-52F3-4342-B99D-B220AD9B8D44}
		{1763AC10-1D7F-4072-81AA-8F184E538DAD} = {B7BA8C4B-A092-4020-96C7-20A7B8582E05}
		{755291E1-8AE6-488C-B5F2-1A0FB6DA2FD6} = {1763AC10-1D7F-4072-81AA-8F184E538DAD}
		{F84443A4-FBCF-4367-ACA9-98E6E31819BF} = {755291E1-8AE6-488C-B5F2-1A0FB6DA2FD6}
	EndGlobalSection
	GlobalSection(ExtensibilityGlobals) = postSolution
		SolutionGuid = {91334656-21F3-4A58-97D0-76C83BCB7BE2}
	EndGlobalSection
EndGlobal
